
Microsoft Visual Studio Solution File, Format Version 12.00
# Visual Studio Version 16
VisualStudioVersion = 16.0.29613.14
MinimumVisualStudioVersion = 10.0.40219.1
Project("{FAE04EC0-301F-11D3-BF4B-00C04F79EFBC}") = "AutoService", "AutoService\AutoService.csproj", "{DA5797DD-E3E3-4A17-807F-D2E69294E7D8}"
EndProject
Global
	GlobalSection(SolutionConfigurationPlatforms) = preSolution
		Debug|Any CPU = Debug|Any CPU
		Release|Any CPU = Release|Any CPU
	EndGlobalSection
	GlobalSection(ProjectConfigurationPlatforms) = postSolution
		{DA5797DD-E3E3-4A17-807F-D2E69294E7D8}.Debug|Any CPU.ActiveCfg = Debug|Any CPU
		{DA5797DD-E3E3-4A17-807F-D2E69294E7D8}.Debug|Any CPU.Build.0 = Debug|Any CPU
		{DA5797DD-E3E3-4A17-807F-D2E69294E7D8}.Release|Any CPU.ActiveCfg = Release|Any CPU
		{DA5797DD-E3E3-4A17-807F-D2E69294E7D8}.Release|Any CPU.Build.0 = Release|Any CPU
	EndGlobalSection
	GlobalSection(SolutionProperties) = preSolution
		HideSolutionNode = FALSE
	EndGlobalSection
	GlobalSection(ExtensibilityGlobals) = postSolution
		SolutionGuid = {96ADB4E1-C5C4-4ECD-A4E3-25E980D76CC6}
	EndGlobalSection
EndGlobal
